
Microsoft Visual Studio Solution File, Format Version 12.00
# Visual Studio Version 16
VisualStudioVersion = 16.0.30225.117
MinimumVisualStudioVersion = 10.0.40219.1
Project("{FAE04EC0-301F-11D3-BF4B-00C04F79EFBC}") = "LAb9_4StringBuilderCreatingDynamicHTML", "LAb9_4StringBuilderCreatingDynamicHTML.csproj", "{3D4AF35A-021A-48B1-A9CB-BC3AE5630FF2}"
EndProject
Global
	GlobalSection(SolutionConfigurationPlatforms) = preSolution
		Debug|Any CPU = Debug|Any CPU
		Release|Any CPU = Release|Any CPU
	EndGlobalSection
	GlobalSection(ProjectConfigurationPlatforms) = postSolution
		{3D4AF35A-021A-48B1-A9CB-BC3AE5630FF2}.Debug|Any CPU.ActiveCfg = Debug|Any CPU
		{3D4AF35A-021A-48B1-A9CB-BC3AE5630FF2}.Debug|Any CPU.Build.0 = Debug|Any CPU
		{3D4AF35A-021A-48B1-A9CB-BC3AE5630FF2}.Release|Any CPU.ActiveCfg = Release|Any CPU
		{3D4AF35A-021A-48B1-A9CB-BC3AE5630FF2}.Release|Any CPU.Build.0 = Release|Any CPU
	EndGlobalSection
	GlobalSection(SolutionProperties) = preSolution
		HideSolutionNode = FALSE
	EndGlobalSection
	GlobalSection(ExtensibilityGlobals) = postSolution
		SolutionGuid = {C27DAD30-F233-46AE-95D4-41C958CBE283}
	EndGlobalSection
EndGlobal
